
Microsoft Visual Studio Solution File, Format Version 12.00
# Visual Studio Version 17
VisualStudioVersion = 17.7.34024.191
MinimumVisualStudioVersion = 10.0.40219.1
Project("{FAE04EC0-301F-11D3-BF4B-00C04F79EFBC}") = "Đồ_Án_LT", "Đồ_Án_LT\Đồ_Án_LT.csproj", "{27471545-C1F2-442A-A7E6-CD40BA62DD13}"
EndProject
Global
	GlobalSection(SolutionConfigurationPlatforms) = preSolution
		Debug|Any CPU = Debug|Any CPU
		Release|Any CPU = Release|Any CPU
	EndGlobalSection
	GlobalSection(ProjectConfigurationPlatforms) = postSolution
		{27471545-C1F2-442A-A7E6-CD40BA62DD13}.Debug|Any CPU.ActiveCfg = Debug|Any CPU
		{27471545-C1F2-442A-A7E6-CD40BA62DD13}.Debug|Any CPU.Build.0 = Debug|Any CPU
		{27471545-C1F2-442A-A7E6-CD40BA62DD13}.Release|Any CPU.ActiveCfg = Release|Any CPU
		{27471545-C1F2-442A-A7E6-CD40BA62DD13}.Release|Any CPU.Build.0 = Release|Any CPU
	EndGlobalSection
	GlobalSection(SolutionProperties) = preSolution
		HideSolutionNode = FALSE
	EndGlobalSection
	GlobalSection(ExtensibilityGlobals) = postSolution
		SolutionGuid = {B458B8B9-4F3F-4B97-B861-C28BC6D4A19A}
	EndGlobalSection
EndGlobal
